
Microsoft Visual Studio Solution File, Format Version 12.00
# Visual Studio Version 17
VisualStudioVersion = 17.5.002.0
MinimumVisualStudioVersion = 10.0.40219.1
Project("{9A19103F-16F7-4668-BE54-9A1E7A4F7556}") = "Aula005.RazorPages", "Aula005.RazorPages.csproj", "{E1E59662-D202-4563-8413-75FF2236FB9E}"
EndProject
Global
	GlobalSection(SolutionConfigurationPlatforms) = preSolution
		Debug|Any CPU = Debug|Any CPU
		Release|Any CPU = Release|Any CPU
	EndGlobalSection
	GlobalSection(ProjectConfigurationPlatforms) = postSolution
		{E1E59662-D202-4563-8413-75FF2236FB9E}.Debug|Any CPU.ActiveCfg = Debug|Any CPU
		{E1E59662-D202-4563-8413-75FF2236FB9E}.Debug|Any CPU.Build.0 = Debug|Any CPU
		{E1E59662-D202-4563-8413-75FF2236FB9E}.Release|Any CPU.ActiveCfg = Release|Any CPU
		{E1E59662-D202-4563-8413-75FF2236FB9E}.Release|Any CPU.Build.0 = Release|Any CPU
	EndGlobalSection
	GlobalSection(SolutionProperties) = preSolution
		HideSolutionNode = FALSE
	EndGlobalSection
	GlobalSection(ExtensibilityGlobals) = postSolution
		SolutionGuid = {054BAFB1-0EC6-4561-A26F-8C18D0B3C8FC}
	EndGlobalSection
EndGlobal
